// !$*UTF8*$!
{
	archiveVersion = 1;
	classes = {
	};
	objectVersion = 46;
	objects = {

/* Begin PBXBuildFile section */
		AC0C088D1E0456B000A42DC6 /* AppDelegate.swift in Sources */ = {isa = PBXBuildFile; fileRef = AC0C088C1E0456B000A42DC6 /* AppDelegate.swift */; };
		AC0C088F1E0456B000A42DC6 /* ViewController.swift in Sources */ = {isa = PBXBuildFile; fileRef = AC0C088E1E0456B000A42DC6 /* ViewController.swift */; };
		AC0C08921E0456B000A42DC6 /* Main.storyboard in Resources */ = {isa = PBXBuildFile; fileRef = AC0C08901E0456B000A42DC6 /* Main.storyboard */; };
		AC0C08941E0456B000A42DC6 /* Assets.xcassets in Resources */ = {isa = PBXBuildFile; fileRef = AC0C08931E0456B000A42DC6 /* Assets.xcassets */; };
		AC0C08971E0456B000A42DC6 /* LaunchScreen.storyboard in Resources */ = {isa = PBXBuildFile; fileRef = AC0C08951E0456B000A42DC6 /* LaunchScreen.storyboard */; };
/* End PBXBuildFile section */

/* Begin PBXFileReference section */
		AC0C08891E0456B000A42DC6 /* primeraApp.app */ = {isa = PBXFileReference; explicitFileType = wrapper.application; includeInIndex = 0; path = primeraApp.app; sourceTree = BUILT_PRODUCTS_DIR; };
		AC0C088C1E0456B000A42DC6 /* AppDelegate.swift */ = {isa = PBXFileReference; lastKnownFileType = sourcecode.swift; path = AppDelegate.swift; sourceTree = "<group>"; };
		AC0C088E1E0456B000A42DC6 /* ViewController.swift */ = {isa = PBXFileReference; lastKnownFileType = sourcecode.swift; path = ViewController.swift; sourceTree = "<group>"; };
		AC0C08911E0456B000A42DC6 /* Base */ = {isa = PBXFileReference; lastKnownFileType = file.storyboard; name = Base; path = Base.lproj/Main.storyboard; sourceTree = "<group>"; };
		AC0C08931E0456B000A42DC6 /* Assets.xcassets */ = {isa = PBXFileReference; lastKnownFileType = folder.assetcatalog; path = Assets.xcassets; sourceTree = "<group>"; };
		AC0C08961E0456B000A42DC6 /* Base */ = {isa = PBXFileReference; lastKnownFileType = file.storyboard; name = Base; path = Base.lproj/LaunchScreen.storyboard; sourceTree = "<group>"; };
		AC0C08981E0456B000A42DC6 /* Info.plist */ = {isa = PBXFileReference; lastKnownFileType = text.plist.xml; path = Info.plist; sourceTree = "<group>"; };
/* End PBXFileReference section */

/* Begin PBXFrameworksBuildPhase section */
		AC0C08861E0456AF00A42DC6 /* Frameworks */ = {
			isa = PBXFrameworksBuildPhase;
			buildActionMask = 2147483647;
			files = (
			);
			runOnlyForDeploymentPostprocessing = 0;
		};
/* End PBXFrameworksBuildPhase section */

/* Begin PBXGroup section */
		AC0C08801E0456AF00A42DC6 = {
			isa = PBXGroup;
			children = (
				AC0C088B1E0456B000A42DC6 /* primeraApp */,
				AC0C088A1E0456B000A42DC6 /* Products */,
			);
			sourceTree = "<group>";
		};
		AC0C088A1E0456B000A42DC6 /* Products */ = {
			isa = PBXGroup;
			children = (
				AC0C08891E0456B000A42DC6 /* primeraApp.app */,
			);
			name = Products;
			sourceTree = "<group>";
		};
		AC0C088B1E0456B000A42DC6 /* primeraApp */ = {
			isa = PBXGroup;
			children = (
				AC0C088C1E0456B000A42DC6 /* AppDelegate.swift */,
				AC0C088E1E0456B000A42DC6 /* ViewController.swift */,
				AC0C08901E0456B000A42DC6 /* Main.storyboard */,
				AC0C08931E0456B000A42DC6 /* Assets.xcassets */,
				AC0C08951E0456B000A42DC6 /* LaunchScreen.storyboard */,
				AC0C08981E0456B000A42DC6 /* Info.plist */,
			);
			path = primeraApp;
			sourceTree = "<group>";
		};
/* End PBXGroup section */

/* Begin PBXNativeTarget section */
		AC0C08881E0456AF00A42DC6 /* primeraApp */ = {
			isa = PBXNativeTarget;
			buildConfigurationList = AC0C089B1E0456B000A42DC6 /* Build configuration list for PBXNativeTarget "primeraApp" */;
			buildPhases = (
				AC0C08851E0456AF00A42DC6 /* Sources */,
				AC0C08861E0456AF00A42DC6 /* Frameworks */,
				AC0C08871E0456AF00A42DC6 /* Resources */,
			);
			buildRules = (
			);
			dependencies = (
			);
			name = primeraApp;
			productName = primeraApp;
			productReference = AC0C08891E0456B000A42DC6 /* primeraApp.app */;
			productType = "com.apple.product-type.application";
		};
/* End PBXNativeTarget section */

/* Begin PBXProject section */
		AC0C08811E0456AF00A42DC6 /* Project object */ = {
			isa = PBXProject;
			attributes = {
				LastSwiftUpdateCheck = 0820;
				LastUpgradeCheck = 0820;
				ORGANIZATIONNAME = "Mario Almiñana Pablo";
				TargetAttributes = {
					AC0C08881E0456AF00A42DC6 = {
						CreatedOnToolsVersion = 8.2;
						DevelopmentTeam = 5963E4859T;
						ProvisioningStyle = Automatic;
					};
				};
			};
			buildConfigurationList = AC0C08841E0456AF00A42DC6 /* Build configuration list for PBXProject "primeraApp" */;
			compatibilityVersion = "Xcode 3.2";
			developmentRegion = English;
			hasScannedForEncodings = 0;
			knownRegions = (
				en,
				Base,
			);
			mainGroup = AC0C08801E0456AF00A42DC6;
			productRefGroup = AC0C088A1E0456B000A42DC6 /* Products */;
			projectDirPath = "";
			projectRoot = "";
			targets = (
				AC0C08881E0456AF00A42DC6 /* primeraApp */,
			);
		};
/* End PBXProject section */

/* Begin PBXResourcesBuildPhase section */
		AC0C08871E0456AF00A42DC6 /* Resources */ = {
			isa = PBXResourcesBuildPhase;
			buildActionMask = 2147483647;
			files = (
				AC0C08971E0456B000A42DC6 /* LaunchScreen.storyboard in Resources */,
				AC0C08941E0456B000A42DC6 /* Assets.xcassets in Resources */,
				AC0C08921E0456B000A42DC6 /* Main.storyboard in Resources */,
			);
			runOnlyForDeploymentPostprocessing = 0;
		};
/* End PBXResourcesBuildPhase section */

/* Begin PBXSourcesBuildPhase section */
		AC0C08851E0456AF00A42DC6 /* Sources */ = {
			isa = PBXSourcesBuildPhase;
			buildActionMask = 2147483647;
			files = (
				AC0C088F1E0456B000A42DC6 /* ViewController.swift in Sources */,
				AC0C088D1E0456B000A42DC6 /* AppDelegate.swift in Sources */,
			);
			runOnlyForDeploymentPostprocessing = 0;
		};
/* End PBXSourcesBuildPhase section */

/* Begin PBXVariantGroup section */
		AC0C08901E0456B000A42DC6 /* Main.storyboard */ = {
			isa = PBXVariantGroup;
			children = (
				AC0C08911E0456B000A42DC6 /* Base */,
			);
			name = Main.storyboard;
			sourceTree = "<group>";
		};
		AC0C08951E0456B000A42DC6 /* LaunchScreen.storyboard */ = {
			isa = PBXVariantGroup;
			children = (
				AC0C08961E0456B000A42DC6 /* Base */,
			);
			name = LaunchScreen.storyboard;
			sourceTree = "<group>";
		};
/* End PBXVariantGroup section */

/* Begin XCBuildConfiguration section */
		AC0C08991E0456B000A42DC6 /* Debug */ = {
			isa = XCBuildConfiguration;
			buildSettings = {
				ALWAYS_SEARCH_USER_PATHS = NO;
				CLANG_ANALYZER_NONNULL = YES;
				CLANG_CXX_LANGUAGE_STANDARD = "gnu++0x";
				CLANG_CXX_LIBRARY = "libc++";
				CLANG_ENABLE_MODULES = YES;
				CLANG_ENABLE_OBJC_ARC = YES;
				CLANG_WARN_BOOL_CONVERSION = YES;
				CLANG_WARN_CONSTANT_CONVERSION = YES;
				CLANG_WARN_DIRECT_OBJC_ISA_USAGE = YES_ERROR;
				CLANG_WARN_DOCUMENTATION_COMMENTS = YES;
				CLANG_WARN_EMPTY_BODY = YES;
				CLANG_WARN_ENUM_CONVERSION = YES;
				CLANG_WARN_INFINITE_RECURSION = YES;
				CLANG_WARN_INT_CONVERSION = YES;
				CLANG_WARN_OBJC_ROOT_CLASS = YES_ERROR;
				CLANG_WARN_SUSPICIOUS_MOVE = YES;
				CLANG_WARN_UNREACHABLE_CODE = YES;
				CLANG_WARN__DUPLICATE_METHOD_MATCH = YES;
				"CODE_SIGN_IDENTITY[sdk=iphoneos*]" = "iPhone Developer";
				COPY_PHASE_STRIP = NO;
				DEBUG_INFORMATION_FORMAT = dwarf;
				ENABLE_STRICT_OBJC_MSGSEND = YES;
				ENABLE_TESTABILITY = YES;
				GCC_C_LANGUAGE_STANDARD = gnu99;
				GCC_DYNAMIC_NO_PIC = NO;
				GCC_NO_COMMON_BLOCKS = YES;
				GCC_OPTIMIZATION_LEVEL = 0;
				GCC_PREPROCESSOR_DEFINITIONS = (
					"DEBUG=1",
					"$(inherited)",
				);
				GCC_WARN_64_TO_32_BIT_CONVERSION = YES;
				GCC_WARN_ABOUT_RETURN_TYPE = YES_ERROR;
				GCC_WARN_UNDECLARED_SELECTOR = YES;
				GCC_WARN_UNINITIALIZED_AUTOS = YES_AGGRESSIVE;
				GCC_WARN_UNUSED_FUNCTION = YES;
				GCC_WARN_UNUSED_VARIABLE = YES;
				IPHONEOS_DEPLOYMENT_TARGET = 10.2;
				MTL_ENABLE_DEBUG_INFO = YES;
				ONLY_ACTIVE_ARCH = YES;
				SDKROOT = iphoneos;
				SWIFT_ACTIVE_COMPILATION_CONDITIONS = DEBUG;
				SWIFT_OPTIMIZATION_LEVEL = "-Onone";
			};
			name = Debug;
		};
		AC0C089A1E0456B000A42DC6 /* Release */ = {
			isa = XCBuildConfiguration;
			buildSettings = {
				ALWAYS_SEARCH_USER_PATHS = NO;
				CLANG_ANALYZER_NONNULL = YES;
				CLANG_CXX_LANGUAGE_STANDARD = "gnu++0x";
				CLANG_CXX_LIBRARY = "libc++";
				CLANG_ENABLE_MODULES = YES;
				CLANG_ENABLE_OBJC_ARC = YES;
				CLANG_WARN_BOOL_CONVERSION = YES;
				CLANG_WARN_CONSTANT_CONVERSION = YES;
				CLANG_WARN_DIRECT_OBJC_ISA_USAGE = YES_ERROR;
				CLANG_WARN_DOCUMENTATION_COMMENTS = YES;
				CLANG_WARN_EMPTY_BODY = YES;
				CLANG_WARN_ENUM_CONVERSION = YES;
				CLANG_WARN_INFINITE_RECURSION = YES;
				CLANG_WARN_INT_CONVERSION = YES;
				CLANG_WARN_OBJC_ROOT_CLASS = YES_ERROR;
				CLANG_WARN_SUSPICIOUS_MOVE = YES;
				CLANG_WARN_UNREACHABLE_CODE = YES;
				CLANG_WARN__DUPLICATE_METHOD_MATCH = YES;
				"CODE_SIGN_IDENTITY[sdk=iphoneos*]" = "iPhone Developer";
				COPY_PHASE_STRIP = NO;
				DEBUG_INFORMATION_FORMAT = "dwarf-with-dsym";
				ENABLE_NS_ASSERTIONS = NO;
				ENABLE_STRICT_OBJC_MSGSEND = YES;
				GCC_C_LANGUAGE_STANDARD = gnu99;
				GCC_NO_COMMON_BLOCKS = YES;
				GCC_WARN_64_TO_32_BIT_CONVERSION = YES;
				GCC_WARN_ABOUT_RETURN_TYPE = YES_ERROR;
				GCC_WARN_UNDECLARED_SELECTOR = YES;
				GCC_WARN_UNINITIALIZED_AUTOS = YES_AGGRESSIVE;
				GCC_WARN_UNUSED_FUNCTION = YES;
				GCC_WARN_UNUSED_VARIABLE = YES;
				IPHONEOS_DEPLOYMENT_TARGET = 10.2;
				MTL_ENABLE_DEBUG_INFO = NO;
				SDKROOT = iphoneos;
				SWIFT_OPTIMIZATION_LEVEL = "-Owholemodule";
				VALIDATE_PRODUCT = YES;
			};
			name = Release;
		};
		AC0C089C1E0456B000A42DC6 /* Debug */ = {
			isa = XCBuildConfiguration;
			buildSettings = {
				ASSETCATALOG_COMPILER_APPICON_NAME = AppIcon;
				DEVELOPMENT_TEAM = 5963E4859T;
				INFOPLIST_FILE = primeraApp/Info.plist;
				LD_RUNPATH_SEARCH_PATHS = "$(inherited) @executable_path/Frameworks";
				PRODUCT_BUNDLE_IDENTIFIER = com.malminanap.primeraApp;
				PRODUCT_NAME = "$(TARGET_NAME)";
				SWIFT_VERSION = 3.0;
			};
			name = Debug;
		};
		AC0C089D1E0456B000A42DC6 /* Release */ = {
			isa = XCBuildConfiguration;
			buildSettings = {
				ASSETCATALOG_COMPILER_APPICON_NAME = AppIcon;
				DEVELOPMENT_TEAM = 5963E4859T;
				INFOPLIST_FILE = primeraApp/Info.plist;
				LD_RUNPATH_SEARCH_PATHS = "$(inherited) @executable_path/Frameworks";
				PRODUCT_BUNDLE_IDENTIFIER = com.malminanap.primeraApp;
				PRODUCT_NAME = "$(TARGET_NAME)";
				SWIFT_VERSION = 3.0;
			};
			name = Release;
		};
/* End XCBuildConfiguration section */

/* Begin XCConfigurationList section */
		AC0C08841E0456AF00A42DC6 /* Build configuration list for PBXProject "primeraApp" */ = {
			isa = XCConfigurationList;
			buildConfigurations = (
				AC0C08991E0456B000A42DC6 /* Debug */,
				AC0C089A1E0456B000A42DC6 /* Release */,
			);
			defaultConfigurationIsVisible = 0;
			defaultConfigurationName = Release;
		};
		AC0C089B1E0456B000A42DC6 /* Build configuration list for PBXNativeTarget "primeraApp" */ = {
			isa = XCConfigurationList;
			buildConfigurations = (
				AC0C089C1E0456B000A42DC6 /* Debug */,
				AC0C089D1E0456B000A42DC6 /* Release */,
			);
			defaultConfigurationIsVisible = 0;
		};
/* End XCConfigurationList section */
	};
	rootObject = AC0C08811E0456AF00A42DC6 /* Project object */;
}
